
Microsoft Visual Studio Solution File, Format Version 12.00
# Visual Studio 15
VisualStudioVersion = 15.0.28307.421
MinimumVisualStudioVersion = 10.0.40219.1
Project("{FAE04EC0-301F-11D3-BF4B-00C04F79EFBC}") = "SortByOccurance", "SortByOccurance\SortByOccurance.csproj", "{A91EF14F-6670-42AB-A852-840331CA4078}"
EndProject
Global
	GlobalSection(SolutionConfigurationPlatforms) = preSolution
		Debug|Any CPU = Debug|Any CPU
		Release|Any CPU = Release|Any CPU
	EndGlobalSection
	GlobalSection(ProjectConfigurationPlatforms) = postSolution
		{A91EF14F-6670-42AB-A852-840331CA4078}.Debug|Any CPU.ActiveCfg = Debug|Any CPU
		{A91EF14F-6670-42AB-A852-840331CA4078}.Debug|Any CPU.Build.0 = Debug|Any CPU
		{A91EF14F-6670-42AB-A852-840331CA4078}.Release|Any CPU.ActiveCfg = Release|Any CPU
		{A91EF14F-6670-42AB-A852-840331CA4078}.Release|Any CPU.Build.0 = Release|Any CPU
	EndGlobalSection
	GlobalSection(SolutionProperties) = preSolution
		HideSolutionNode = FALSE
	EndGlobalSection
	GlobalSection(ExtensibilityGlobals) = postSolution
		SolutionGuid = {BC84DD36-377E-46D4-AE52-5B8CC09B5743}
	EndGlobalSection
EndGlobal
